
Microsoft Visual Studio Solution File, Format Version 12.00
# Visual Studio Version 17
VisualStudioVersion = 17.2.32519.379
MinimumVisualStudioVersion = 10.0.40219.1
Project("{9A19103F-16F7-4668-BE54-9A1E7A4F7556}") = "MainApp", "MainApp\MainApp.csproj", "{D50197E7-17D5-4635-B508-25535C70F627}"
EndProject
Project("{FAE04EC0-301F-11D3-BF4B-00C04F79EFBC}") = "wcfTest", "wcfTest\wcfTest.csproj", "{9C0233EC-FB3F-4E5F-8336-C3D6749D2C0A}"
EndProject
Global
	GlobalSection(SolutionConfigurationPlatforms) = preSolution
		Debug|Any CPU = Debug|Any CPU
		Release|Any CPU = Release|Any CPU
	EndGlobalSection
	GlobalSection(ProjectConfigurationPlatforms) = postSolution
		{D50197E7-17D5-4635-B508-25535C70F627}.Debug|Any CPU.ActiveCfg = Debug|Any CPU
		{D50197E7-17D5-4635-B508-25535C70F627}.Debug|Any CPU.Build.0 = Debug|Any CPU
		{D50197E7-17D5-4635-B508-25535C70F627}.Release|Any CPU.ActiveCfg = Release|Any CPU
		{D50197E7-17D5-4635-B508-25535C70F627}.Release|Any CPU.Build.0 = Release|Any CPU
		{9C0233EC-FB3F-4E5F-8336-C3D6749D2C0A}.Debug|Any CPU.ActiveCfg = Debug|Any CPU
		{9C0233EC-FB3F-4E5F-8336-C3D6749D2C0A}.Debug|Any CPU.Build.0 = Debug|Any CPU
		{9C0233EC-FB3F-4E5F-8336-C3D6749D2C0A}.Release|Any CPU.ActiveCfg = Release|Any CPU
		{9C0233EC-FB3F-4E5F-8336-C3D6749D2C0A}.Release|Any CPU.Build.0 = Release|Any CPU
	EndGlobalSection
	GlobalSection(SolutionProperties) = preSolution
		HideSolutionNode = FALSE
	EndGlobalSection
	GlobalSection(ExtensibilityGlobals) = postSolution
		SolutionGuid = {885250D2-1C72-4C16-9B09-135066FF578A}
	EndGlobalSection
EndGlobal
